
Microsoft Visual Studio Solution File, Format Version 12.00
# Visual Studio Version 16
VisualStudioVersion = 16.0.28803.352
MinimumVisualStudioVersion = 10.0.40219.1
Project("{9A19103F-16F7-4668-BE54-9A1E7A4F7556}") = "BasicsProblems", "ConsoleApp1\BasicsProblems.csproj", "{A075DA07-93BA-4AF4-A897-7E4A2BCDF626}"
EndProject
Project("{FAE04EC0-301F-11D3-BF4B-00C04F79EFBC}") = "StringsBasicProblems", "StringsBasicProblems\StringsBasicProblems.csproj", "{A253B64B-3A0C-43C1-923C-85506671FA75}"
EndProject
Global
	GlobalSection(SolutionConfigurationPlatforms) = preSolution
		Debug|Any CPU = Debug|Any CPU
		Release|Any CPU = Release|Any CPU
	EndGlobalSection
	GlobalSection(ProjectConfigurationPlatforms) = postSolution
		{A075DA07-93BA-4AF4-A897-7E4A2BCDF626}.Debug|Any CPU.ActiveCfg = Debug|Any CPU
		{A075DA07-93BA-4AF4-A897-7E4A2BCDF626}.Debug|Any CPU.Build.0 = Debug|Any CPU
		{A075DA07-93BA-4AF4-A897-7E4A2BCDF626}.Release|Any CPU.ActiveCfg = Release|Any CPU
		{A075DA07-93BA-4AF4-A897-7E4A2BCDF626}.Release|Any CPU.Build.0 = Release|Any CPU
		{A253B64B-3A0C-43C1-923C-85506671FA75}.Debug|Any CPU.ActiveCfg = Debug|Any CPU
		{A253B64B-3A0C-43C1-923C-85506671FA75}.Debug|Any CPU.Build.0 = Debug|Any CPU
		{A253B64B-3A0C-43C1-923C-85506671FA75}.Release|Any CPU.ActiveCfg = Release|Any CPU
		{A253B64B-3A0C-43C1-923C-85506671FA75}.Release|Any CPU.Build.0 = Release|Any CPU
	EndGlobalSection
	GlobalSection(SolutionProperties) = preSolution
		HideSolutionNode = FALSE
	EndGlobalSection
	GlobalSection(ExtensibilityGlobals) = postSolution
		SolutionGuid = {9F0CCA38-5D03-4CEB-A06C-38C9A93DFF68}
	EndGlobalSection
EndGlobal
